
Microsoft Visual Studio Solution File, Format Version 12.00
# Visual Studio Version 17
VisualStudioVersion = 17.0.31903.59
MinimumVisualStudioVersion = 10.0.40219.1
Project("{2150E333-8FDC-42A3-9474-1A3956D46DE8}") = "src", "src", "{827E0CD3-B72D-47B6-A68D-7590B98EB39B}"
EndProject
Project("{FAE04EC0-301F-11D3-BF4B-00C04F79EFBC}") = "AITravelBuddy.Console", "src\AITravelBuddy.Console\AITravelBuddy.Console.csproj", "{2ECAB61E-CE27-422D-B80A-BBAEC753B445}"
EndProject
Project("{FAE04EC0-301F-11D3-BF4B-00C04F79EFBC}") = "AITravelBuddy.Core", "src\AITravelBuddy.Core\AITravelBuddy.Core.csproj", "{2F8F0432-FF49-4B65-B29C-9737A3B14D20}"
EndProject
Project("{FAE04EC0-301F-11D3-BF4B-00C04F79EFBC}") = "AITravelBuddy.Infrastructure", "src\AITravelBuddy.Infrastructure\AITravelBuddy.Infrastructure.csproj", "{1B406A64-6BA7-4D2D-904E-4F4E7BEC8330}"
EndProject
Project("{2150E333-8FDC-42A3-9474-1A3956D46DE8}") = "tests", "tests", "{0AB3BF05-4346-4AA6-1389-037BE0695223}"
EndProject
Project("{FAE04EC0-301F-11D3-BF4B-00C04F79EFBC}") = "AITravelBuddy.Tests", "tests\AITravelBuddy.Tests\AITravelBuddy.Tests.csproj", "{834E627A-763D-4A3E-8A3B-19C32AC874E9}"
EndProject
Global
	GlobalSection(SolutionConfigurationPlatforms) = preSolution
		Debug|Any CPU = Debug|Any CPU
		Debug|x64 = Debug|x64
		Debug|x86 = Debug|x86
		Release|Any CPU = Release|Any CPU
		Release|x64 = Release|x64
		Release|x86 = Release|x86
	EndGlobalSection
	GlobalSection(ProjectConfigurationPlatforms) = postSolution
		{2ECAB61E-CE27-422D-B80A-BBAEC753B445}.Debug|Any CPU.ActiveCfg = Debug|Any CPU
		{2ECAB61E-CE27-422D-B80A-BBAEC753B445}.Debug|Any CPU.Build.0 = Debug|Any CPU
		{2ECAB61E-CE27-422D-B80A-BBAEC753B445}.Debug|x64.ActiveCfg = Debug|Any CPU
		{2ECAB61E-CE27-422D-B80A-BBAEC753B445}.Debug|x64.Build.0 = Debug|Any CPU
		{2ECAB61E-CE27-422D-B80A-BBAEC753B445}.Debug|x86.ActiveCfg = Debug|Any CPU
		{2ECAB61E-CE27-422D-B80A-BBAEC753B445}.Debug|x86.Build.0 = Debug|Any CPU
		{2ECAB61E-CE27-422D-B80A-BBAEC753B445}.Release|Any CPU.ActiveCfg = Release|Any CPU
		{2ECAB61E-CE27-422D-B80A-BBAEC753B445}.Release|Any CPU.Build.0 = Release|Any CPU
		{2ECAB61E-CE27-422D-B80A-BBAEC753B445}.Release|x64.ActiveCfg = Release|Any CPU
		{2ECAB61E-CE27-422D-B80A-BBAEC753B445}.Release|x64.Build.0 = Release|Any CPU
		{2ECAB61E-CE27-422D-B80A-BBAEC753B445}.Release|x86.ActiveCfg = Release|Any CPU
		{2ECAB61E-CE27-422D-B80A-BBAEC753B445}.Release|x86.Build.0 = Release|Any CPU
		{2F8F0432-FF49-4B65-B29C-9737A3B14D20}.Debug|Any CPU.ActiveCfg = Debug|Any CPU
		{2F8F0432-FF49-4B65-B29C-9737A3B14D20}.Debug|Any CPU.Build.0 = Debug|Any CPU
		{2F8F0432-FF49-4B65-B29C-9737A3B14D20}.Debug|x64.ActiveCfg = Debug|Any CPU
		{2F8F0432-FF49-4B65-B29C-9737A3B14D20}.Debug|x64.Build.0 = Debug|Any CPU
		{2F8F0432-FF49-4B65-B29C-9737A3B14D20}.Debug|x86.ActiveCfg = Debug|Any CPU
		{2F8F0432-FF49-4B65-B29C-9737A3B14D20}.Debug|x86.Build.0 = Debug|Any CPU
		{2F8F0432-FF49-4B65-B29C-9737A3B14D20}.Release|Any CPU.ActiveCfg = Release|Any CPU
		{2F8F0432-FF49-4B65-B29C-9737A3B14D20}.Release|Any CPU.Build.0 = Release|Any CPU
		{2F8F0432-FF49-4B65-B29C-9737A3B14D20}.Release|x64.ActiveCfg = Release|Any CPU
		{2F8F0432-FF49-4B65-B29C-9737A3B14D20}.Release|x64.Build.0 = Release|Any CPU
		{2F8F0432-FF49-4B65-B29C-9737A3B14D20}.Release|x86.ActiveCfg = Release|Any CPU
		{2F8F0432-FF49-4B65-B29C-9737A3B14D20}.Release|x86.Build.0 = Release|Any CPU
		{1B406A64-6BA7-4D2D-904E-4F4E7BEC8330}.Debug|Any CPU.ActiveCfg = Debug|Any CPU
		{1B406A64-6BA7-4D2D-904E-4F4E7BEC8330}.Debug|Any CPU.Build.0 = Debug|Any CPU
		{1B406A64-6BA7-4D2D-904E-4F4E7BEC8330}.Debug|x64.ActiveCfg = Debug|Any CPU
		{1B406A64-6BA7-4D2D-904E-4F4E7BEC8330}.Debug|x64.Build.0 = Debug|Any CPU
		{1B406A64-6BA7-4D2D-904E-4F4E7BEC8330}.Debug|x86.ActiveCfg = Debug|Any CPU
		{1B406A64-6BA7-4D2D-904E-4F4E7BEC8330}.Debug|x86.Build.0 = Debug|Any CPU
		{1B406A64-6BA7-4D2D-904E-4F4E7BEC8330}.Release|Any CPU.ActiveCfg = Release|Any CPU
		{1B406A64-6BA7-4D2D-904E-4F4E7BEC8330}.Release|Any CPU.Build.0 = Release|Any CPU
		{1B406A64-6BA7-4D2D-904E-4F4E7BEC8330}.Release|x64.ActiveCfg = Release|Any CPU
		{1B406A64-6BA7-4D2D-904E-4F4E7BEC8330}.Release|x64.Build.0 = Release|Any CPU
		{1B406A64-6BA7-4D2D-904E-4F4E7BEC8330}.Release|x86.ActiveCfg = Release|Any CPU
		{1B406A64-6BA7-4D2D-904E-4F4E7BEC8330}.Release|x86.Build.0 = Release|Any CPU
		{834E627A-763D-4A3E-8A3B-19C32AC874E9}.Debug|Any CPU.ActiveCfg = Debug|Any CPU
		{834E627A-763D-4A3E-8A3B-19C32AC874E9}.Debug|Any CPU.Build.0 = Debug|Any CPU
		{834E627A-763D-4A3E-8A3B-19C32AC874E9}.Debug|x64.ActiveCfg = Debug|Any CPU
		{834E627A-763D-4A3E-8A3B-19C32AC874E9}.Debug|x64.Build.0 = Debug|Any CPU
		{834E627A-763D-4A3E-8A3B-19C32AC874E9}.Debug|x86.ActiveCfg = Debug|Any CPU
		{834E627A-763D-4A3E-8A3B-19C32AC874E9}.Debug|x86.Build.0 = Debug|Any CPU
		{834E627A-763D-4A3E-8A3B-19C32AC874E9}.Release|Any CPU.ActiveCfg = Release|Any CPU
		{834E627A-763D-4A3E-8A3B-19C32AC874E9}.Release|Any CPU.Build.0 = Release|Any CPU
		{834E627A-763D-4A3E-8A3B-19C32AC874E9}.Release|x64.ActiveCfg = Release|Any CPU
		{834E627A-763D-4A3E-8A3B-19C32AC874E9}.Release|x64.Build.0 = Release|Any CPU
		{834E627A-763D-4A3E-8A3B-19C32AC874E9}.Release|x86.ActiveCfg = Release|Any CPU
		{834E627A-763D-4A3E-8A3B-19C32AC874E9}.Release|x86.Build.0 = Release|Any CPU
	EndGlobalSection
	GlobalSection(SolutionProperties) = preSolution
		HideSolutionNode = FALSE
	EndGlobalSection
	GlobalSection(NestedProjects) = preSolution
		{2ECAB61E-CE27-422D-B80A-BBAEC753B445} = {827E0CD3-B72D-47B6-A68D-7590B98EB39B}
		{2F8F0432-FF49-4B65-B29C-9737A3B14D20} = {827E0CD3-B72D-47B6-A68D-7590B98EB39B}
		{1B406A64-6BA7-4D2D-904E-4F4E7BEC8330} = {827E0CD3-B72D-47B6-A68D-7590B98EB39B}
		{834E627A-763D-4A3E-8A3B-19C32AC874E9} = {0AB3BF05-4346-4AA6-1389-037BE0695223}
	EndGlobalSection
EndGlobal
