
Microsoft Visual Studio Solution File, Format Version 12.00
# Visual Studio Version 17
VisualStudioVersion = 17.0.31903.59
MinimumVisualStudioVersion = 10.0.40219.1
Project("{2150E333-8FDC-42A3-9474-1A3956D46DE8}") = "src", "src", "{827E0CD3-B72D-47B6-A68D-7590B98EB39B}"
EndProject
Project("{FAE04EC0-301F-11D3-BF4B-00C04F79EFBC}") = "AITravelBuddy.Console", "src\AITravelBuddy.Console\AITravelBuddy.Console.csproj", "{E9249FEC-FD9C-402B-B490-48E6106EF214}"
EndProject
Project("{FAE04EC0-301F-11D3-BF4B-00C04F79EFBC}") = "AITravelBuddy.Core", "src\AITravelBuddy.Core\AITravelBuddy.Core.csproj", "{BD55B0A5-C932-4348-8A95-1EEA6FA59E71}"
EndProject
Project("{FAE04EC0-301F-11D3-BF4B-00C04F79EFBC}") = "AITravelBuddy.Infrastructure", "src\AITravelBuddy.Infrastructure\AITravelBuddy.Infrastructure.csproj", "{3CC880F0-AE7C-4B82-94F5-40336A1BAC53}"
EndProject
Project("{2150E333-8FDC-42A3-9474-1A3956D46DE8}") = "tests", "tests", "{0AB3BF05-4346-4AA6-1389-037BE0695223}"
EndProject
Project("{FAE04EC0-301F-11D3-BF4B-00C04F79EFBC}") = "AITravelBuddy.Tests", "tests\AITravelBuddy.Tests\AITravelBuddy.Tests.csproj", "{D59DD0DD-9DA9-4081-BD49-119BFDAFC363}"
EndProject
Global
	GlobalSection(SolutionConfigurationPlatforms) = preSolution
		Debug|Any CPU = Debug|Any CPU
		Debug|x64 = Debug|x64
		Debug|x86 = Debug|x86
		Release|Any CPU = Release|Any CPU
		Release|x64 = Release|x64
		Release|x86 = Release|x86
	EndGlobalSection
	GlobalSection(ProjectConfigurationPlatforms) = postSolution
		{E9249FEC-FD9C-402B-B490-48E6106EF214}.Debug|Any CPU.ActiveCfg = Debug|Any CPU
		{E9249FEC-FD9C-402B-B490-48E6106EF214}.Debug|Any CPU.Build.0 = Debug|Any CPU
		{E9249FEC-FD9C-402B-B490-48E6106EF214}.Debug|x64.ActiveCfg = Debug|Any CPU
		{E9249FEC-FD9C-402B-B490-48E6106EF214}.Debug|x64.Build.0 = Debug|Any CPU
		{E9249FEC-FD9C-402B-B490-48E6106EF214}.Debug|x86.ActiveCfg = Debug|Any CPU
		{E9249FEC-FD9C-402B-B490-48E6106EF214}.Debug|x86.Build.0 = Debug|Any CPU
		{E9249FEC-FD9C-402B-B490-48E6106EF214}.Release|Any CPU.ActiveCfg = Release|Any CPU
		{E9249FEC-FD9C-402B-B490-48E6106EF214}.Release|Any CPU.Build.0 = Release|Any CPU
		{E9249FEC-FD9C-402B-B490-48E6106EF214}.Release|x64.ActiveCfg = Release|Any CPU
		{E9249FEC-FD9C-402B-B490-48E6106EF214}.Release|x64.Build.0 = Release|Any CPU
		{E9249FEC-FD9C-402B-B490-48E6106EF214}.Release|x86.ActiveCfg = Release|Any CPU
		{E9249FEC-FD9C-402B-B490-48E6106EF214}.Release|x86.Build.0 = Release|Any CPU
		{BD55B0A5-C932-4348-8A95-1EEA6FA59E71}.Debug|Any CPU.ActiveCfg = Debug|Any CPU
		{BD55B0A5-C932-4348-8A95-1EEA6FA59E71}.Debug|Any CPU.Build.0 = Debug|Any CPU
		{BD55B0A5-C932-4348-8A95-1EEA6FA59E71}.Debug|x64.ActiveCfg = Debug|Any CPU
		{BD55B0A5-C932-4348-8A95-1EEA6FA59E71}.Debug|x64.Build.0 = Debug|Any CPU
		{BD55B0A5-C932-4348-8A95-1EEA6FA59E71}.Debug|x86.ActiveCfg = Debug|Any CPU
		{BD55B0A5-C932-4348-8A95-1EEA6FA59E71}.Debug|x86.Build.0 = Debug|Any CPU
		{BD55B0A5-C932-4348-8A95-1EEA6FA59E71}.Release|Any CPU.ActiveCfg = Release|Any CPU
		{BD55B0A5-C932-4348-8A95-1EEA6FA59E71}.Release|Any CPU.Build.0 = Release|Any CPU
		{BD55B0A5-C932-4348-8A95-1EEA6FA59E71}.Release|x64.ActiveCfg = Release|Any CPU
		{BD55B0A5-C932-4348-8A95-1EEA6FA59E71}.Release|x64.Build.0 = Release|Any CPU
		{BD55B0A5-C932-4348-8A95-1EEA6FA59E71}.Release|x86.ActiveCfg = Release|Any CPU
		{BD55B0A5-C932-4348-8A95-1EEA6FA59E71}.Release|x86.Build.0 = Release|Any CPU
		{3CC880F0-AE7C-4B82-94F5-40336A1BAC53}.Debug|Any CPU.ActiveCfg = Debug|Any CPU
		{3CC880F0-AE7C-4B82-94F5-40336A1BAC53}.Debug|Any CPU.Build.0 = Debug|Any CPU
		{3CC880F0-AE7C-4B82-94F5-40336A1BAC53}.Debug|x64.ActiveCfg = Debug|Any CPU
		{3CC880F0-AE7C-4B82-94F5-40336A1BAC53}.Debug|x64.Build.0 = Debug|Any CPU
		{3CC880F0-AE7C-4B82-94F5-40336A1BAC53}.Debug|x86.ActiveCfg = Debug|Any CPU
		{3CC880F0-AE7C-4B82-94F5-40336A1BAC53}.Debug|x86.Build.0 = Debug|Any CPU
		{3CC880F0-AE7C-4B82-94F5-40336A1BAC53}.Release|Any CPU.ActiveCfg = Release|Any CPU
		{3CC880F0-AE7C-4B82-94F5-40336A1BAC53}.Release|Any CPU.Build.0 = Release|Any CPU
		{3CC880F0-AE7C-4B82-94F5-40336A1BAC53}.Release|x64.ActiveCfg = Release|Any CPU
		{3CC880F0-AE7C-4B82-94F5-40336A1BAC53}.Release|x64.Build.0 = Release|Any CPU
		{3CC880F0-AE7C-4B82-94F5-40336A1BAC53}.Release|x86.ActiveCfg = Release|Any CPU
		{3CC880F0-AE7C-4B82-94F5-40336A1BAC53}.Release|x86.Build.0 = Release|Any CPU
		{D59DD0DD-9DA9-4081-BD49-119BFDAFC363}.Debug|Any CPU.ActiveCfg = Debug|Any CPU
		{D59DD0DD-9DA9-4081-BD49-119BFDAFC363}.Debug|Any CPU.Build.0 = Debug|Any CPU
		{D59DD0DD-9DA9-4081-BD49-119BFDAFC363}.Debug|x64.ActiveCfg = Debug|Any CPU
		{D59DD0DD-9DA9-4081-BD49-119BFDAFC363}.Debug|x64.Build.0 = Debug|Any CPU
		{D59DD0DD-9DA9-4081-BD49-119BFDAFC363}.Debug|x86.ActiveCfg = Debug|Any CPU
		{D59DD0DD-9DA9-4081-BD49-119BFDAFC363}.Debug|x86.Build.0 = Debug|Any CPU
		{D59DD0DD-9DA9-4081-BD49-119BFDAFC363}.Release|Any CPU.ActiveCfg = Release|Any CPU
		{D59DD0DD-9DA9-4081-BD49-119BFDAFC363}.Release|Any CPU.Build.0 = Release|Any CPU
		{D59DD0DD-9DA9-4081-BD49-119BFDAFC363}.Release|x64.ActiveCfg = Release|Any CPU
		{D59DD0DD-9DA9-4081-BD49-119BFDAFC363}.Release|x64.Build.0 = Release|Any CPU
		{D59DD0DD-9DA9-4081-BD49-119BFDAFC363}.Release|x86.ActiveCfg = Release|Any CPU
		{D59DD0DD-9DA9-4081-BD49-119BFDAFC363}.Release|x86.Build.0 = Release|Any CPU
	EndGlobalSection
	GlobalSection(SolutionProperties) = preSolution
		HideSolutionNode = FALSE
	EndGlobalSection
	GlobalSection(NestedProjects) = preSolution
		{E9249FEC-FD9C-402B-B490-48E6106EF214} = {827E0CD3-B72D-47B6-A68D-7590B98EB39B}
		{BD55B0A5-C932-4348-8A95-1EEA6FA59E71} = {827E0CD3-B72D-47B6-A68D-7590B98EB39B}
		{3CC880F0-AE7C-4B82-94F5-40336A1BAC53} = {827E0CD3-B72D-47B6-A68D-7590B98EB39B}
		{D59DD0DD-9DA9-4081-BD49-119BFDAFC363} = {0AB3BF05-4346-4AA6-1389-037BE0695223}
	EndGlobalSection
EndGlobal
